PODS:
  - Capacitor (5.7.0):
    - CapacitorCordova
  - CapacitorApp (5.0.7):
    - Capacitor
  - CapacitorBrowser (5.2.0):
    - Capacitor
  - CapacitorCommunityNativeAudio (5.0.1):
    - Capacitor
  - CapacitorCordova (5.7.0)
  - CapacitorHaptics (5.0.7):
    - Capacitor
  - CapacitorKeyboard (5.0.8):
    - Capacitor
  - CapacitorPreferences (5.0.7):
    - Capacitor
  - CapacitorStatusBar (5.0.7):
    - Capacitor
  - CordovaPlugins (5.7.0):
    - CapacitorCordova

DEPENDENCIES:
  - "Capacitor (from `../../node_modules/@capacitor/ios`)"
  - "CapacitorApp (from `../../node_modules/@capacitor/app`)"
  - "CapacitorBrowser (from `../../node_modules/@capacitor/browser`)"
  - "CapacitorCommunityNativeAudio (from `../../node_modules/@capacitor-community/native-audio`)"
  - "CapacitorCordova (from `../../node_modules/@capacitor/ios`)"
  - "CapacitorHaptics (from `../../node_modules/@capacitor/haptics`)"
  - "CapacitorKeyboard (from `../../node_modules/@capacitor/keyboard`)"
  - "CapacitorPreferences (from `../../node_modules/@capacitor/preferences`)"
  - "CapacitorStatusBar (from `../../node_modules/@capacitor/status-bar`)"
  - CordovaPlugins (from `../capacitor-cordova-ios-plugins`)

EXTERNAL SOURCES:
  Capacitor:
    :path: "../../node_modules/@capacitor/ios"
  CapacitorApp:
    :path: "../../node_modules/@capacitor/app"
  CapacitorBrowser:
    :path: "../../node_modules/@capacitor/browser"
  CapacitorCommunityNativeAudio:
    :path: "../../node_modules/@capacitor-community/native-audio"
  CapacitorCordova:
    :path: "../../node_modules/@capacitor/ios"
  CapacitorHaptics:
    :path: "../../node_modules/@capacitor/haptics"
  CapacitorKeyboard:
    :path: "../../node_modules/@capacitor/keyboard"
  CapacitorPreferences:
    :path: "../../node_modules/@capacitor/preferences"
  CapacitorStatusBar:
    :path: "../../node_modules/@capacitor/status-bar"
  CordovaPlugins:
    :path: "../capacitor-cordova-ios-plugins"

SPEC CHECKSUMS:
  Capacitor: fc155ee2ee45a2093d716f13cf5aa5a865e2d85a
  CapacitorApp: 17fecd0e6cb23feafac7eb0939417389038b0979
  CapacitorBrowser: a6deae9e5bf87f62b62a753cff7992c5def9e771
  CapacitorCommunityNativeAudio: 1a4d5490acb59f155602c0b6bcf1b42ee4efe91b
  CapacitorCordova: e825fce1a2e14e4b5730641c7e098dccf74397b7
  CapacitorHaptics: 7c7c206f0c96a628fed073830c96d28c4b2e772e
  CapacitorKeyboard: aec619a578235c6ce279075009a2689c2cf5c42c
  CapacitorPreferences: 77ac427e98db83bace772455f8ba447430382c4c
  CapacitorStatusBar: f390fbb49b82ffb754ea4b3cf71dc8b048baf3e7
  CordovaPlugins: 80cf2cbe1aae8656789347459a032a40c389d62c

PODFILE CHECKSUM: 91e21f32bbf19d74b9a264b2aab670907b638836

COCOAPODS: 1.11.3
